// !$*UTF8*$!
{
	archiveVersion = 1;
	classes = {
	};
	objectVersion = 50;
	objects = {

/* Begin PBXBuildFile section */
		952B603226BD2AD200BF76BB /* AppDelegate.swift in Sources */ = {isa = PBXBuildFile; fileRef = 952B603126BD2AD200BF76BB /* AppDelegate.swift */; };
		952B603426BD2AD200BF76BB /* SceneDelegate.swift in Sources */ = {isa = PBXBuildFile; fileRef = 952B603326BD2AD200BF76BB /* SceneDelegate.swift */; };
		952B603626BD2AD200BF76BB /* ViewController.swift in Sources */ = {isa = PBXBuildFile; fileRef = 952B603526BD2AD200BF76BB /* ViewController.swift */; };
		952B603926BD2AD200BF76BB /* Main.storyboard in Resources */ = {isa = PBXBuildFile; fileRef = 952B603726BD2AD200BF76BB /* Main.storyboard */; };
		952B603B26BD2AD300BF76BB /* Assets.xcassets in Resources */ = {isa = PBXBuildFile; fileRef = 952B603A26BD2AD300BF76BB /* Assets.xcassets */; };
		952B603E26BD2AD300BF76BB /* LaunchScreen.storyboard in Resources */ = {isa = PBXBuildFile; fileRef = 952B603C26BD2AD300BF76BB /* LaunchScreen.storyboard */; };
		957A542926C3F188007BFCD2 /* CityTableViewController.swift in Sources */ = {isa = PBXBuildFile; fileRef = 957A542826C3F188007BFCD2 /* CityTableViewController.swift */; };
		957A542B26C40071007BFCD2 /* CityTableDetailViewController.swift in Sources */ = {isa = PBXBuildFile; fileRef = 957A542A26C40071007BFCD2 /* CityTableDetailViewController.swift */; };
		958110AA26CE489D001C40CB /* DarkModeAppViewController.swift in Sources */ = {isa = PBXBuildFile; fileRef = 958110A926CE489D001C40CB /* DarkModeAppViewController.swift */; };
		95A6AB0726C2AB4D00948712 /* JestAppViewController.swift in Sources */ = {isa = PBXBuildFile; fileRef = 95A6AB0626C2AB4D00948712 /* JestAppViewController.swift */; };
		95A6AB0926C2B72E00948712 /* CatchGameViewController.swift in Sources */ = {isa = PBXBuildFile; fileRef = 95A6AB0826C2B72E00948712 /* CatchGameViewController.swift */; };
		95DA30C126C27A680012B58C /* HomeViewController.swift in Sources */ = {isa = PBXBuildFile; fileRef = 95DA30C026C27A680012B58C /* HomeViewController.swift */; };
		95FF6C5326C41AC800EE113D /* SimpsonsTableViewController.swift in Sources */ = {isa = PBXBuildFile; fileRef = 95FF6C5226C41AC800EE113D /* SimpsonsTableViewController.swift */; };
		95FF6C5526C41C6000EE113D /* SimpsonsTableDetailViewController.swift in Sources */ = {isa = PBXBuildFile; fileRef = 95FF6C5426C41C6000EE113D /* SimpsonsTableDetailViewController.swift */; };
		95FF6C5726C421E000EE113D /* SimpsonsClass.swift in Sources */ = {isa = PBXBuildFile; fileRef = 95FF6C5626C421E000EE113D /* SimpsonsClass.swift */; };
/* End PBXBuildFile section */

/* Begin PBXFileReference section */
		952B602E26BD2AD200BF76BB /* firstApp.app */ = {isa = PBXFileReference; explicitFileType = wrapper.application; includeInIndex = 0; path = firstApp.app; sourceTree = BUILT_PRODUCTS_DIR; };
		952B603126BD2AD200BF76BB /* AppDelegate.swift */ = {isa = PBXFileReference; lastKnownFileType = sourcecode.swift; path = AppDelegate.swift; sourceTree = "<group>"; };
		952B603326BD2AD200BF76BB /* SceneDelegate.swift */ = {isa = PBXFileReference; lastKnownFileType = sourcecode.swift; path = SceneDelegate.swift; sourceTree = "<group>"; };
		952B603526BD2AD200BF76BB /* ViewController.swift */ = {isa = PBXFileReference; lastKnownFileType = sourcecode.swift; path = ViewController.swift; sourceTree = "<group>"; };
		952B603826BD2AD200BF76BB /* Base */ = {isa = PBXFileReference; lastKnownFileType = file.storyboard; name = Base; path = Base.lproj/Main.storyboard; sourceTree = "<group>"; };
		952B603A26BD2AD300BF76BB /* Assets.xcassets */ = {isa = PBXFileReference; lastKnownFileType = folder.assetcatalog; path = Assets.xcassets; sourceTree = "<group>"; };
		952B603D26BD2AD300BF76BB /* Base */ = {isa = PBXFileReference; lastKnownFileType = file.storyboard; name = Base; path = Base.lproj/LaunchScreen.storyboard; sourceTree = "<group>"; };
		952B603F26BD2AD300BF76BB /* Info.plist */ = {isa = PBXFileReference; lastKnownFileType = text.plist.xml; path = Info.plist; sourceTree = "<group>"; };
		957A542826C3F188007BFCD2 /* CityTableViewController.swift */ = {isa = PBXFileReference; lastKnownFileType = sourcecode.swift; path = CityTableViewController.swift; sourceTree = "<group>"; };
		957A542A26C40071007BFCD2 /* CityTableDetailViewController.swift */ = {isa = PBXFileReference; lastKnownFileType = sourcecode.swift; path = CityTableDetailViewController.swift; sourceTree = "<group>"; };
		958110A926CE489D001C40CB /* DarkModeAppViewController.swift */ = {isa = PBXFileReference; lastKnownFileType = sourcecode.swift; path = DarkModeAppViewController.swift; sourceTree = "<group>"; };
		95A6AB0626C2AB4D00948712 /* JestAppViewController.swift */ = {isa = PBXFileReference; lastKnownFileType = sourcecode.swift; path = JestAppViewController.swift; sourceTree = "<group>"; };
		95A6AB0826C2B72E00948712 /* CatchGameViewController.swift */ = {isa = PBXFileReference; lastKnownFileType = sourcecode.swift; path = CatchGameViewController.swift; sourceTree = "<group>"; };
		95DA30C026C27A680012B58C /* HomeViewController.swift */ = {isa = PBXFileReference; lastKnownFileType = sourcecode.swift; path = HomeViewController.swift; sourceTree = "<group>"; };
		95FF6C5226C41AC800EE113D /* SimpsonsTableViewController.swift */ = {isa = PBXFileReference; lastKnownFileType = sourcecode.swift; path = SimpsonsTableViewController.swift; sourceTree = "<group>"; };
		95FF6C5426C41C6000EE113D /* SimpsonsTableDetailViewController.swift */ = {isa = PBXFileReference; lastKnownFileType = sourcecode.swift; path = SimpsonsTableDetailViewController.swift; sourceTree = "<group>"; };
		95FF6C5626C421E000EE113D /* SimpsonsClass.swift */ = {isa = PBXFileReference; lastKnownFileType = sourcecode.swift; path = SimpsonsClass.swift; sourceTree = "<group>"; };
/* End PBXFileReference section */

/* Begin PBXFrameworksBuildPhase section */
		952B602B26BD2AD200BF76BB /* Frameworks */ = {
			isa = PBXFrameworksBuildPhase;
			buildActionMask = 2147483647;
			files = (
			);
			runOnlyForDeploymentPostprocessing = 0;
		};
/* End PBXFrameworksBuildPhase section */

/* Begin PBXGroup section */
		952B602526BD2AD200BF76BB = {
			isa = PBXGroup;
			children = (
				952B603026BD2AD200BF76BB /* firstApp */,
				952B602F26BD2AD200BF76BB /* Products */,
			);
			sourceTree = "<group>";
		};
		952B602F26BD2AD200BF76BB /* Products */ = {
			isa = PBXGroup;
			children = (
				952B602E26BD2AD200BF76BB /* firstApp.app */,
			);
			name = Products;
			sourceTree = "<group>";
		};
		952B603026BD2AD200BF76BB /* firstApp */ = {
			isa = PBXGroup;
			children = (
				952B603126BD2AD200BF76BB /* AppDelegate.swift */,
				952B603326BD2AD200BF76BB /* SceneDelegate.swift */,
				952B603526BD2AD200BF76BB /* ViewController.swift */,
				95DA30C026C27A680012B58C /* HomeViewController.swift */,
				95A6AB0626C2AB4D00948712 /* JestAppViewController.swift */,
				957A542826C3F188007BFCD2 /* CityTableViewController.swift */,
				95A6AB0826C2B72E00948712 /* CatchGameViewController.swift */,
				957A542A26C40071007BFCD2 /* CityTableDetailViewController.swift */,
				95FF6C5226C41AC800EE113D /* SimpsonsTableViewController.swift */,
				95FF6C5426C41C6000EE113D /* SimpsonsTableDetailViewController.swift */,
				95FF6C5626C421E000EE113D /* SimpsonsClass.swift */,
				958110A926CE489D001C40CB /* DarkModeAppViewController.swift */,
				952B603726BD2AD200BF76BB /* Main.storyboard */,
				952B603A26BD2AD300BF76BB /* Assets.xcassets */,
				952B603C26BD2AD300BF76BB /* LaunchScreen.storyboard */,
				952B603F26BD2AD300BF76BB /* Info.plist */,
			);
			path = firstApp;
			sourceTree = "<group>";
		};
/* End PBXGroup section */

/* Begin PBXNativeTarget section */
		952B602D26BD2AD200BF76BB /* firstApp */ = {
			isa = PBXNativeTarget;
			buildConfigurationList = 952B604226BD2AD300BF76BB /* Build configuration list for PBXNativeTarget "firstApp" */;
			buildPhases = (
				952B602A26BD2AD200BF76BB /* Sources */,
				952B602B26BD2AD200BF76BB /* Frameworks */,
				952B602C26BD2AD200BF76BB /* Resources */,
			);
			buildRules = (
			);
			dependencies = (
			);
			name = firstApp;
			productName = firstApp;
			productReference = 952B602E26BD2AD200BF76BB /* firstApp.app */;
			productType = "com.apple.product-type.application";
		};
/* End PBXNativeTarget section */

/* Begin PBXProject section */
		952B602626BD2AD200BF76BB /* Project object */ = {
			isa = PBXProject;
			attributes = {
				LastSwiftUpdateCheck = 1250;
				LastUpgradeCheck = 1250;
				TargetAttributes = {
					952B602D26BD2AD200BF76BB = {
						CreatedOnToolsVersion = 12.5.1;
					};
				};
			};
			buildConfigurationList = 952B602926BD2AD200BF76BB /* Build configuration list for PBXProject "firstApp" */;
			compatibilityVersion = "Xcode 9.3";
			developmentRegion = en;
			hasScannedForEncodings = 0;
			knownRegions = (
				en,
				Base,
			);
			mainGroup = 952B602526BD2AD200BF76BB;
			productRefGroup = 952B602F26BD2AD200BF76BB /* Products */;
			projectDirPath = "";
			projectRoot = "";
			targets = (
				952B602D26BD2AD200BF76BB /* firstApp */,
			);
		};
/* End PBXProject section */

/* Begin PBXResourcesBuildPhase section */
		952B602C26BD2AD200BF76BB /* Resources */ = {
			isa = PBXResourcesBuildPhase;
			buildActionMask = 2147483647;
			files = (
				952B603E26BD2AD300BF76BB /* LaunchScreen.storyboard in Resources */,
				952B603B26BD2AD300BF76BB /* Assets.xcassets in Resources */,
				952B603926BD2AD200BF76BB /* Main.storyboard in Resources */,
			);
			runOnlyForDeploymentPostprocessing = 0;
		};
/* End PBXResourcesBuildPhase section */

/* Begin PBXSourcesBuildPhase section */
		952B602A26BD2AD200BF76BB /* Sources */ = {
			isa = PBXSourcesBuildPhase;
			buildActionMask = 2147483647;
			files = (
				95A6AB0926C2B72E00948712 /* CatchGameViewController.swift in Sources */,
				958110AA26CE489D001C40CB /* DarkModeAppViewController.swift in Sources */,
				957A542B26C40071007BFCD2 /* CityTableDetailViewController.swift in Sources */,
				95FF6C5526C41C6000EE113D /* SimpsonsTableDetailViewController.swift in Sources */,
				952B603626BD2AD200BF76BB /* ViewController.swift in Sources */,
				95A6AB0726C2AB4D00948712 /* JestAppViewController.swift in Sources */,
				95FF6C5326C41AC800EE113D /* SimpsonsTableViewController.swift in Sources */,
				957A542926C3F188007BFCD2 /* CityTableViewController.swift in Sources */,
				952B603226BD2AD200BF76BB /* AppDelegate.swift in Sources */,
				952B603426BD2AD200BF76BB /* SceneDelegate.swift in Sources */,
				95DA30C126C27A680012B58C /* HomeViewController.swift in Sources */,
				95FF6C5726C421E000EE113D /* SimpsonsClass.swift in Sources */,
			);
			runOnlyForDeploymentPostprocessing = 0;
		};
/* End PBXSourcesBuildPhase section */

/* Begin PBXVariantGroup section */
		952B603726BD2AD200BF76BB /* Main.storyboard */ = {
			isa = PBXVariantGroup;
			children = (
				952B603826BD2AD200BF76BB /* Base */,
			);
			name = Main.storyboard;
			sourceTree = "<group>";
		};
		952B603C26BD2AD300BF76BB /* LaunchScreen.storyboard */ = {
			isa = PBXVariantGroup;
			children = (
				952B603D26BD2AD300BF76BB /* Base */,
			);
			name = LaunchScreen.storyboard;
			sourceTree = "<group>";
		};
/* End PBXVariantGroup section */

/* Begin XCBuildConfiguration section */
		952B604026BD2AD300BF76BB /* Debug */ = {
			isa = XCBuildConfiguration;
			buildSettings = {
				ALWAYS_SEARCH_USER_PATHS = NO;
				CLANG_ANALYZER_NONNULL = YES;
				CLANG_ANALYZER_NUMBER_OBJECT_CONVERSION = YES_AGGRESSIVE;
				CLANG_CXX_LANGUAGE_STANDARD = "gnu++14";
				CLANG_CXX_LIBRARY = "libc++";
				CLANG_ENABLE_MODULES = YES;
				CLANG_ENABLE_OBJC_ARC = YES;
				CLANG_ENABLE_OBJC_WEAK = YES;
				CLANG_WARN_BLOCK_CAPTURE_AUTORELEASING = YES;
				CLANG_WARN_BOOL_CONVERSION = YES;
				CLANG_WARN_COMMA = YES;
				CLANG_WARN_CONSTANT_CONVERSION = YES;
				CLANG_WARN_DEPRECATED_OBJC_IMPLEMENTATIONS = YES;
				CLANG_WARN_DIRECT_OBJC_ISA_USAGE = YES_ERROR;
				CLANG_WARN_DOCUMENTATION_COMMENTS = YES;
				CLANG_WARN_EMPTY_BODY = YES;
				CLANG_WARN_ENUM_CONVERSION = YES;
				CLANG_WARN_INFINITE_RECURSION = YES;
				CLANG_WARN_INT_CONVERSION = YES;
				CLANG_WARN_NON_LITERAL_NULL_CONVERSION = YES;
				CLANG_WARN_OBJC_IMPLICIT_RETAIN_SELF = YES;
				CLANG_WARN_OBJC_LITERAL_CONVERSION = YES;
				CLANG_WARN_OBJC_ROOT_CLASS = YES_ERROR;
				CLANG_WARN_QUOTED_INCLUDE_IN_FRAMEWORK_HEADER = YES;
				CLANG_WARN_RANGE_LOOP_ANALYSIS = YES;
				CLANG_WARN_STRICT_PROTOTYPES = YES;
				CLANG_WARN_SUSPICIOUS_MOVE = YES;
				CLANG_WARN_UNGUARDED_AVAILABILITY = YES_AGGRESSIVE;
				CLANG_WARN_UNREACHABLE_CODE = YES;
				CLANG_WARN__DUPLICATE_METHOD_MATCH = YES;
				COPY_PHASE_STRIP = NO;
				DEBUG_INFORMATION_FORMAT = dwarf;
				ENABLE_STRICT_OBJC_MSGSEND = YES;
				ENABLE_TESTABILITY = YES;
				GCC_C_LANGUAGE_STANDARD = gnu11;
				GCC_DYNAMIC_NO_PIC = NO;
				GCC_NO_COMMON_BLOCKS = YES;
				GCC_OPTIMIZATION_LEVEL = 0;
				GCC_PREPROCESSOR_DEFINITIONS = (
					"DEBUG=1",
					"$(inherited)",
				);
				GCC_WARN_64_TO_32_BIT_CONVERSION = YES;
				GCC_WARN_ABOUT_RETURN_TYPE = YES_ERROR;
				GCC_WARN_UNDECLARED_SELECTOR = YES;
				GCC_WARN_UNINITIALIZED_AUTOS = YES_AGGRESSIVE;
				GCC_WARN_UNUSED_FUNCTION = YES;
				GCC_WARN_UNUSED_VARIABLE = YES;
				IPHONEOS_DEPLOYMENT_TARGET = 14.5;
				MTL_ENABLE_DEBUG_INFO = INCLUDE_SOURCE;
				MTL_FAST_MATH = YES;
				ONLY_ACTIVE_ARCH = YES;
				SDKROOT = iphoneos;
				SWIFT_ACTIVE_COMPILATION_CONDITIONS = DEBUG;
				SWIFT_OPTIMIZATION_LEVEL = "-Onone";
			};
			name = Debug;
		};
		952B604126BD2AD300BF76BB /* Release */ = {
			isa = XCBuildConfiguration;
			buildSettings = {
				ALWAYS_SEARCH_USER_PATHS = NO;
				CLANG_ANALYZER_NONNULL = YES;
				CLANG_ANALYZER_NUMBER_OBJECT_CONVERSION = YES_AGGRESSIVE;
				CLANG_CXX_LANGUAGE_STANDARD = "gnu++14";
				CLANG_CXX_LIBRARY = "libc++";
				CLANG_ENABLE_MODULES = YES;
				CLANG_ENABLE_OBJC_ARC = YES;
				CLANG_ENABLE_OBJC_WEAK = YES;
				CLANG_WARN_BLOCK_CAPTURE_AUTORELEASING = YES;
				CLANG_WARN_BOOL_CONVERSION = YES;
				CLANG_WARN_COMMA = YES;
				CLANG_WARN_CONSTANT_CONVERSION = YES;
				CLANG_WARN_DEPRECATED_OBJC_IMPLEMENTATIONS = YES;
				CLANG_WARN_DIRECT_OBJC_ISA_USAGE = YES_ERROR;
				CLANG_WARN_DOCUMENTATION_COMMENTS = YES;
				CLANG_WARN_EMPTY_BODY = YES;
				CLANG_WARN_ENUM_CONVERSION = YES;
				CLANG_WARN_INFINITE_RECURSION = YES;
				CLANG_WARN_INT_CONVERSION = YES;
				CLANG_WARN_NON_LITERAL_NULL_CONVERSION = YES;
				CLANG_WARN_OBJC_IMPLICIT_RETAIN_SELF = YES;
				CLANG_WARN_OBJC_LITERAL_CONVERSION = YES;
				CLANG_WARN_OBJC_ROOT_CLASS = YES_ERROR;
				CLANG_WARN_QUOTED_INCLUDE_IN_FRAMEWORK_HEADER = YES;
				CLANG_WARN_RANGE_LOOP_ANALYSIS = YES;
				CLANG_WARN_STRICT_PROTOTYPES = YES;
				CLANG_WARN_SUSPICIOUS_MOVE = YES;
				CLANG_WARN_UNGUARDED_AVAILABILITY = YES_AGGRESSIVE;
				CLANG_WARN_UNREACHABLE_CODE = YES;
				CLANG_WARN__DUPLICATE_METHOD_MATCH = YES;
				COPY_PHASE_STRIP = NO;
				DEBUG_INFORMATION_FORMAT = "dwarf-with-dsym";
				ENABLE_NS_ASSERTIONS = NO;
				ENABLE_STRICT_OBJC_MSGSEND = YES;
				GCC_C_LANGUAGE_STANDARD = gnu11;
				GCC_NO_COMMON_BLOCKS = YES;
				GCC_WARN_64_TO_32_BIT_CONVERSION = YES;
				GCC_WARN_ABOUT_RETURN_TYPE = YES_ERROR;
				GCC_WARN_UNDECLARED_SELECTOR = YES;
				GCC_WARN_UNINITIALIZED_AUTOS = YES_AGGRESSIVE;
				GCC_WARN_UNUSED_FUNCTION = YES;
				GCC_WARN_UNUSED_VARIABLE = YES;
				IPHONEOS_DEPLOYMENT_TARGET = 14.5;
				MTL_ENABLE_DEBUG_INFO = NO;
				MTL_FAST_MATH = YES;
				SDKROOT = iphoneos;
				SWIFT_COMPILATION_MODE = wholemodule;
				SWIFT_OPTIMIZATION_LEVEL = "-O";
				VALIDATE_PRODUCT = YES;
			};
			name = Release;
		};
		952B604326BD2AD300BF76BB /* Debug */ = {
			isa = XCBuildConfiguration;
			buildSettings = {
				ASSETCATALOG_COMPILER_APPICON_NAME = AppIcon;
				ASSETCATALOG_COMPILER_GLOBAL_ACCENT_COLOR_NAME = AccentColor;
				CODE_SIGN_STYLE = Automatic;
				INFOPLIST_FILE = firstApp/Info.plist;
				LD_RUNPATH_SEARCH_PATHS = (
					"$(inherited)",
					"@executable_path/Frameworks",
				);
				PRODUCT_BUNDLE_IDENTIFIER = com.SemihKalayci.firstApp;
				PRODUCT_NAME = "$(TARGET_NAME)";
				SWIFT_VERSION = 5.0;
				TARGETED_DEVICE_FAMILY = "1,2";
			};
			name = Debug;
		};
		952B604426BD2AD300BF76BB /* Release */ = {
			isa = XCBuildConfiguration;
			buildSettings = {
				ASSETCATALOG_COMPILER_APPICON_NAME = AppIcon;
				ASSETCATALOG_COMPILER_GLOBAL_ACCENT_COLOR_NAME = AccentColor;
				CODE_SIGN_STYLE = Automatic;
				INFOPLIST_FILE = firstApp/Info.plist;
				LD_RUNPATH_SEARCH_PATHS = (
					"$(inherited)",
					"@executable_path/Frameworks",
				);
				PRODUCT_BUNDLE_IDENTIFIER = com.SemihKalayci.firstApp;
				PRODUCT_NAME = "$(TARGET_NAME)";
				SWIFT_VERSION = 5.0;
				TARGETED_DEVICE_FAMILY = "1,2";
			};
			name = Release;
		};
/* End XCBuildConfiguration section */

/* Begin XCConfigurationList section */
		952B602926BD2AD200BF76BB /* Build configuration list for PBXProject "firstApp" */ = {
			isa = XCConfigurationList;
			buildConfigurations = (
				952B604026BD2AD300BF76BB /* Debug */,
				952B604126BD2AD300BF76BB /* Release */,
			);
			defaultConfigurationIsVisible = 0;
			defaultConfigurationName = Release;
		};
		952B604226BD2AD300BF76BB /* Build configuration list for PBXNativeTarget "firstApp" */ = {
			isa = XCConfigurationList;
			buildConfigurations = (
				952B604326BD2AD300BF76BB /* Debug */,
				952B604426BD2AD300BF76BB /* Release */,
			);
			defaultConfigurationIsVisible = 0;
			defaultConfigurationName = Release;
		};
/* End XCConfigurationList section */
	};
	rootObject = 952B602626BD2AD200BF76BB /* Project object */;
}
